
Microsoft Visual Studio Solution File, Format Version 12.00
# Visual Studio Version 17
VisualStudioVersion = 17.0.32112.339
MinimumVisualStudioVersion = 10.0.40219.1
Project("{FAE04EC0-301F-11D3-BF4B-00C04F79EFBC}") = "TouchTest.Android", "TouchTest\TouchTest.Android\TouchTest.Android.csproj", "{0708D172-FA41-49C0-A9C8-B4FD2C3A559B}"
EndProject
Project("{FAE04EC0-301F-11D3-BF4B-00C04F79EFBC}") = "TouchTest.iOS", "TouchTest\TouchTest.iOS\TouchTest.iOS.csproj", "{7E08E69D-51D7-4C46-A337-09864928747E}"
EndProject
Project("{FAE04EC0-301F-11D3-BF4B-00C04F79EFBC}") = "TouchTest", "TouchTest\TouchTest\TouchTest.csproj", "{EFD2655E-8762-44B2-9030-372179DE93B0}"
EndProject
Global
	GlobalSection(SolutionConfigurationPlatforms) = preSolution
		Debug|Any CPU = Debug|Any CPU
		Debug|iPhone = Debug|iPhone
		Debug|iPhoneSimulator = Debug|iPhoneSimulator
		Release|Any CPU = Release|Any CPU
		Release|iPhone = Release|iPhone
		Release|iPhoneSimulator = Release|iPhoneSimulator
	EndGlobalSection
	GlobalSection(ProjectConfigurationPlatforms) = postSolution
		{0708D172-FA41-49C0-A9C8-B4FD2C3A559B}.Debug|Any CPU.ActiveCfg = Debug|Any CPU
		{0708D172-FA41-49C0-A9C8-B4FD2C3A559B}.Debug|Any CPU.Build.0 = Debug|Any CPU
		{0708D172-FA41-49C0-A9C8-B4FD2C3A559B}.Debug|Any CPU.Deploy.0 = Debug|Any CPU
		{0708D172-FA41-49C0-A9C8-B4FD2C3A559B}.Debug|iPhone.ActiveCfg = Debug|Any CPU
		{0708D172-FA41-49C0-A9C8-B4FD2C3A559B}.Debug|iPhone.Build.0 = Debug|Any CPU
		{0708D172-FA41-49C0-A9C8-B4FD2C3A559B}.Debug|iPhone.Deploy.0 = Debug|Any CPU
		{0708D172-FA41-49C0-A9C8-B4FD2C3A559B}.Debug|iPhoneSimulator.ActiveCfg = Debug|Any CPU
		{0708D172-FA41-49C0-A9C8-B4FD2C3A559B}.Debug|iPhoneSimulator.Build.0 = Debug|Any CPU
		{0708D172-FA41-49C0-A9C8-B4FD2C3A559B}.Debug|iPhoneSimulator.Deploy.0 = Debug|Any CPU
		{0708D172-FA41-49C0-A9C8-B4FD2C3A559B}.Release|Any CPU.ActiveCfg = Release|Any CPU
		{0708D172-FA41-49C0-A9C8-B4FD2C3A559B}.Release|Any CPU.Build.0 = Release|Any CPU
		{0708D172-FA41-49C0-A9C8-B4FD2C3A559B}.Release|Any CPU.Deploy.0 = Release|Any CPU
		{0708D172-FA41-49C0-A9C8-B4FD2C3A559B}.Release|iPhone.ActiveCfg = Release|Any CPU
		{0708D172-FA41-49C0-A9C8-B4FD2C3A559B}.Release|iPhone.Build.0 = Release|Any CPU
		{0708D172-FA41-49C0-A9C8-B4FD2C3A559B}.Release|iPhone.Deploy.0 = Release|Any CPU
		{0708D172-FA41-49C0-A9C8-B4FD2C3A559B}.Release|iPhoneSimulator.ActiveCfg = Release|Any CPU
		{0708D172-FA41-49C0-A9C8-B4FD2C3A559B}.Release|iPhoneSimulator.Build.0 = Release|Any CPU
		{0708D172-FA41-49C0-A9C8-B4FD2C3A559B}.Release|iPhoneSimulator.Deploy.0 = Release|Any CPU
		{7E08E69D-51D7-4C46-A337-09864928747E}.Debug|Any CPU.ActiveCfg = Debug|iPhone
		{7E08E69D-51D7-4C46-A337-09864928747E}.Debug|Any CPU.Build.0 = Debug|iPhone
		{7E08E69D-51D7-4C46-A337-09864928747E}.Debug|Any CPU.Deploy.0 = Debug|iPhone
		{7E08E69D-51D7-4C46-A337-09864928747E}.Debug|iPhone.ActiveCfg = Debug|iPhone
		{7E08E69D-51D7-4C46-A337-09864928747E}.Debug|iPhone.Build.0 = Debug|iPhone
		{7E08E69D-51D7-4C46-A337-09864928747E}.Debug|iPhone.Deploy.0 = Debug|iPhone
		{7E08E69D-51D7-4C46-A337-09864928747E}.Debug|iPhoneSimulator.ActiveCfg = Debug|iPhoneSimulator
		{7E08E69D-51D7-4C46-A337-09864928747E}.Debug|iPhoneSimulator.Build.0 = Debug|iPhoneSimulator
		{7E08E69D-51D7-4C46-A337-09864928747E}.Debug|iPhoneSimulator.Deploy.0 = Debug|iPhoneSimulator
		{7E08E69D-51D7-4C46-A337-09864928747E}.Release|Any CPU.ActiveCfg = Release|iPhoneSimulator
		{7E08E69D-51D7-4C46-A337-09864928747E}.Release|Any CPU.Build.0 = Release|iPhoneSimulator
		{7E08E69D-51D7-4C46-A337-09864928747E}.Release|Any CPU.Deploy.0 = Release|iPhoneSimulator
		{7E08E69D-51D7-4C46-A337-09864928747E}.Release|iPhone.ActiveCfg = Release|iPhone
		{7E08E69D-51D7-4C46-A337-09864928747E}.Release|iPhone.Build.0 = Release|iPhone
		{7E08E69D-51D7-4C46-A337-09864928747E}.Release|iPhone.Deploy.0 = Release|iPhone
		{7E08E69D-51D7-4C46-A337-09864928747E}.Release|iPhoneSimulator.ActiveCfg = Release|iPhoneSimulator
		{7E08E69D-51D7-4C46-A337-09864928747E}.Release|iPhoneSimulator.Build.0 = Release|iPhoneSimulator
		{7E08E69D-51D7-4C46-A337-09864928747E}.Release|iPhoneSimulator.Deploy.0 = Release|iPhoneSimulator
		{EFD2655E-8762-44B2-9030-372179DE93B0}.Debug|Any CPU.ActiveCfg = Debug|Any CPU
		{EFD2655E-8762-44B2-9030-372179DE93B0}.Debug|Any CPU.Build.0 = Debug|Any CPU
		{EFD2655E-8762-44B2-9030-372179DE93B0}.Debug|Any CPU.Deploy.0 = Debug|Any CPU
		{EFD2655E-8762-44B2-9030-372179DE93B0}.Debug|iPhone.ActiveCfg = Debug|Any CPU
		{EFD2655E-8762-44B2-9030-372179DE93B0}.Debug|iPhone.Build.0 = Debug|Any CPU
		{EFD2655E-8762-44B2-9030-372179DE93B0}.Debug|iPhone.Deploy.0 = Debug|Any CPU
		{EFD2655E-8762-44B2-9030-372179DE93B0}.Debug|iPhoneSimulator.ActiveCfg = Debug|Any CPU
		{EFD2655E-8762-44B2-9030-372179DE93B0}.Debug|iPhoneSimulator.Build.0 = Debug|Any CPU
		{EFD2655E-8762-44B2-9030-372179DE93B0}.Debug|iPhoneSimulator.Deploy.0 = Debug|Any CPU
		{EFD2655E-8762-44B2-9030-372179DE93B0}.Release|Any CPU.ActiveCfg = Release|Any CPU
		{EFD2655E-8762-44B2-9030-372179DE93B0}.Release|Any CPU.Build.0 = Release|Any CPU
		{EFD2655E-8762-44B2-9030-372179DE93B0}.Release|Any CPU.Deploy.0 = Release|Any CPU
		{EFD2655E-8762-44B2-9030-372179DE93B0}.Release|iPhone.ActiveCfg = Release|Any CPU
		{EFD2655E-8762-44B2-9030-372179DE93B0}.Release|iPhone.Build.0 = Release|Any CPU
		{EFD2655E-8762-44B2-9030-372179DE93B0}.Release|iPhone.Deploy.0 = Release|Any CPU
		{EFD2655E-8762-44B2-9030-372179DE93B0}.Release|iPhoneSimulator.ActiveCfg = Release|Any CPU
		{EFD2655E-8762-44B2-9030-372179DE93B0}.Release|iPhoneSimulator.Build.0 = Release|Any CPU
		{EFD2655E-8762-44B2-9030-372179DE93B0}.Release|iPhoneSimulator.Deploy.0 = Release|Any CPU
	EndGlobalSection
	GlobalSection(SolutionProperties) = preSolution
		HideSolutionNode = FALSE
	EndGlobalSection
	GlobalSection(ExtensibilityGlobals) = postSolution
		SolutionGuid = {99B17779-567C-4882-904C-755BAF870C5B}
	EndGlobalSection
EndGlobal
